
Microsoft Visual Studio Solution File, Format Version 12.00
# Visual Studio 15
VisualStudioVersion = 15.0.28307.489
MinimumVisualStudioVersion = 10.0.40219.1
Project("{FAE04EC0-301F-11D3-BF4B-00C04F79EFBC}") = "NetSummery", "NetSummery\NetSummery.csproj", "{3298E173-D64F-4C6B-A4FC-9965DA417D93}"
EndProject
Global
	GlobalSection(SolutionConfigurationPlatforms) = preSolution
		Debug|Any CPU = Debug|Any CPU
		Release|Any CPU = Release|Any CPU
	EndGlobalSection
	GlobalSection(ProjectConfigurationPlatforms) = postSolution
		{3298E173-D64F-4C6B-A4FC-9965DA417D93}.Debug|Any CPU.ActiveCfg = Debug|Any CPU
		{3298E173-D64F-4C6B-A4FC-9965DA417D93}.Debug|Any CPU.Build.0 = Debug|Any CPU
		{3298E173-D64F-4C6B-A4FC-9965DA417D93}.Release|Any CPU.ActiveCfg = Release|Any CPU
		{3298E173-D64F-4C6B-A4FC-9965DA417D93}.Release|Any CPU.Build.0 = Release|Any CPU
	EndGlobalSection
	GlobalSection(SolutionProperties) = preSolution
		HideSolutionNode = FALSE
	EndGlobalSection
	GlobalSection(ExtensibilityGlobals) = postSolution
		SolutionGuid = {7B728995-CE57-43ED-813D-E8F915DF7404}
	EndGlobalSection
EndGlobal
